{
  "name": "smolvm.fable.tests",
  "version": "1.0.0",
  "lockfileVersion": 3,
  "requires": true,
  "packages": {
    "": {
      "name": "smolvm.fable.tests",
      "version": "1.0.0",
      "license": "ISC",
      "dependencies": {
        "smolvm": "^1.0.0"
      }
    },
    "node_modules/smolvm": {
      "version": "1.0.0",
      "resolved": "https://registry.npmjs.org/smolvm/-/smolvm-1.0.0.tgz",
      "integrity": "sha512-vm7dqcGuWX8tougzCs5epgVPvukfAD0owBuLtx3jA/JqIu2tJ5LgSMZmn6tpki6SFXSs6qQPhNPnSIgCA0uf8g==",
      "license": "ISC"
    }
  }
}
